
Microsoft Visual Studio Solution File, Format Version 12.00
# Visual Studio 2012
Project("{FAE04EC0-301F-11D3-BF4B-00C04F79EFBC}") = "FluentTheory", "src\FluentTheory\FluentTheory.csproj", "{1CAD326F-6902-494A-940C-7FC66E3BD0BC}"
EndProject
Project("{FAE04EC0-301F-11D3-BF4B-00C04F79EFBC}") = "FluentTheory.UnitTest", "src\FluentTheory.UnitTest\FluentTheory.UnitTest.csproj", "{0F3C8CFF-A848-46C0-9F6C-0BC550919FBF}"
EndProject
Project("{FAE04EC0-301F-11D3-BF4B-00C04F79EFBC}") = "FluentTheory.FunctionalTest", "src\FluentTheory.FunctionalTest\FluentTheory.FunctionalTest.csproj", "{BBBB8767-512C-41E9-9E81-DDE58EE53938}"
EndProject
Project("{2150E333-8FDC-42A3-9474-1A3956D46DE8}") = ".build", ".build", "{B9C5D1CD-F22D-487F-A42D-4322E5B58F74}"
	ProjectSection(SolutionItems) = preProject
		.build\MSBuild.Community.Tasks.dll = .build\MSBuild.Community.Tasks.dll
		.build\MSBuild.Community.Tasks.targets = .build\MSBuild.Community.Tasks.targets
	EndProjectSection
EndProject
Project("{2150E333-8FDC-42A3-9474-1A3956D46DE8}") = "Solution Items", "Solution Items", "{0E5261DA-1F93-4B0D-93AB-ADC26E83C384}"
	ProjectSection(SolutionItems) = preProject
		build.cmd = build.cmd
		build.proj = build.proj
		FluentTheory.nuspec = FluentTheory.nuspec
	EndProjectSection
EndProject
Project("{2150E333-8FDC-42A3-9474-1A3956D46DE8}") = ".nuget", ".nuget", "{62070619-80D0-40BA-AD13-F22090D3470C}"
EndProject
Global
	GlobalSection(SolutionConfigurationPlatforms) = preSolution
		Debug|Any CPU = Debug|Any CPU
		Release|Any CPU = Release|Any CPU
	EndGlobalSection
	GlobalSection(ProjectConfigurationPlatforms) = postSolution
		{1CAD326F-6902-494A-940C-7FC66E3BD0BC}.Debug|Any CPU.ActiveCfg = Debug|Any CPU
		{1CAD326F-6902-494A-940C-7FC66E3BD0BC}.Debug|Any CPU.Build.0 = Debug|Any CPU
		{1CAD326F-6902-494A-940C-7FC66E3BD0BC}.Release|Any CPU.ActiveCfg = Release|Any CPU
		{1CAD326F-6902-494A-940C-7FC66E3BD0BC}.Release|Any CPU.Build.0 = Release|Any CPU
		{0F3C8CFF-A848-46C0-9F6C-0BC550919FBF}.Debug|Any CPU.ActiveCfg = Debug|Any CPU
		{0F3C8CFF-A848-46C0-9F6C-0BC550919FBF}.Debug|Any CPU.Build.0 = Debug|Any CPU
		{0F3C8CFF-A848-46C0-9F6C-0BC550919FBF}.Release|Any CPU.ActiveCfg = Release|Any CPU
		{0F3C8CFF-A848-46C0-9F6C-0BC550919FBF}.Release|Any CPU.Build.0 = Release|Any CPU
		{BBBB8767-512C-41E9-9E81-DDE58EE53938}.Debug|Any CPU.ActiveCfg = Debug|Any CPU
		{BBBB8767-512C-41E9-9E81-DDE58EE53938}.Debug|Any CPU.Build.0 = Debug|Any CPU
		{BBBB8767-512C-41E9-9E81-DDE58EE53938}.Release|Any CPU.ActiveCfg = Release|Any CPU
		{BBBB8767-512C-41E9-9E81-DDE58EE53938}.Release|Any CPU.Build.0 = Release|Any CPU
	EndGlobalSection
	GlobalSection(SolutionProperties) = preSolution
		HideSolutionNode = FALSE
	EndGlobalSection
EndGlobal
